
Microsoft Visual Studio Solution File, Format Version 12.00
# Visual Studio Version 16
VisualStudioVersion = 16.0.31424.327
MinimumVisualStudioVersion = 10.0.40219.1
Project("{9A19103F-16F7-4668-BE54-9A1E7A4F7556}") = "ChatServer", "ChatServer\ChatServer.csproj", "{239B1BB9-8B10-4994-87F8-E22D917F0515}"
EndProject
Project("{9A19103F-16F7-4668-BE54-9A1E7A4F7556}") = "ChatClient", "..\..\client\ChatClient\ChatClient\ChatClient\ChatClient.csproj", "{3B4412D1-24CC-4F7D-A5B7-BB9442B7FE30}"
EndProject
Project("{FAE04EC0-301F-11D3-BF4B-00C04F79EFBC}") = "TestChatServer", "TestChatServer\TestChatServer.csproj", "{FB6204E2-8EA1-449F-ADCB-0907106EC58C}"
EndProject
Global
	GlobalSection(SolutionConfigurationPlatforms) = preSolution
		Debug|Any CPU = Debug|Any CPU
		Release|Any CPU = Release|Any CPU
	EndGlobalSection
	GlobalSection(ProjectConfigurationPlatforms) = postSolution
		{239B1BB9-8B10-4994-87F8-E22D917F0515}.Debug|Any CPU.ActiveCfg = Debug|Any CPU
		{239B1BB9-8B10-4994-87F8-E22D917F0515}.Debug|Any CPU.Build.0 = Debug|Any CPU
		{239B1BB9-8B10-4994-87F8-E22D917F0515}.Release|Any CPU.ActiveCfg = Release|Any CPU
		{239B1BB9-8B10-4994-87F8-E22D917F0515}.Release|Any CPU.Build.0 = Release|Any CPU
		{3B4412D1-24CC-4F7D-A5B7-BB9442B7FE30}.Debug|Any CPU.ActiveCfg = Debug|Any CPU
		{3B4412D1-24CC-4F7D-A5B7-BB9442B7FE30}.Debug|Any CPU.Build.0 = Debug|Any CPU
		{3B4412D1-24CC-4F7D-A5B7-BB9442B7FE30}.Release|Any CPU.ActiveCfg = Release|Any CPU
		{3B4412D1-24CC-4F7D-A5B7-BB9442B7FE30}.Release|Any CPU.Build.0 = Release|Any CPU
		{FB6204E2-8EA1-449F-ADCB-0907106EC58C}.Debug|Any CPU.ActiveCfg = Debug|Any CPU
		{FB6204E2-8EA1-449F-ADCB-0907106EC58C}.Debug|Any CPU.Build.0 = Debug|Any CPU
		{FB6204E2-8EA1-449F-ADCB-0907106EC58C}.Release|Any CPU.ActiveCfg = Release|Any CPU
		{FB6204E2-8EA1-449F-ADCB-0907106EC58C}.Release|Any CPU.Build.0 = Release|Any CPU
	EndGlobalSection
	GlobalSection(SolutionProperties) = preSolution
		HideSolutionNode = FALSE
	EndGlobalSection
	GlobalSection(ExtensibilityGlobals) = postSolution
		SolutionGuid = {8313C498-F64B-43CC-8276-A57E83693112}
	EndGlobalSection
EndGlobal
